{
  "object": {
    "pins": [
      {
        "package": "CarBode",
        "repositoryURL": "https://github.com/heart/CarBode-Barcode-Scanner-For-SwiftUI",
        "state": {
          "branch": null,
          "revision": "6167624ec47174900434f1c03dfa0b2dd5d19c0d",
          "version": "2.2.3"
        }
      },
      {
        "package": "Kingfisher",
        "repositoryURL": "https://github.com/onevcat/Kingfisher.git",
        "state": {
          "branch": null,
          "revision": "d06df9adf50ed8cde5786d935836a5f445f780ba",
          "version": "6.3.1"
        }
      }
    ]
  },
  "version": 1
}
